
Microsoft Visual Studio Solution File, Format Version 12.00
# Visual Studio 15
VisualStudioVersion = 15.0.26124.0
MinimumVisualStudioVersion = 15.0.26124.0
Project("{9A19103F-16F7-4668-BE54-9A1E7A4F7556}") = "MsgService", "MsgService\MsgService.csproj", "{D29A7DCD-0ADE-450B-90DE-D5A48779F007}"
EndProject
Project("{9A19103F-16F7-4668-BE54-9A1E7A4F7556}") = "ProductService", "ProductService\ProductService.csproj", "{693AD529-15A4-4971-8DF8-40B4B43F690F}"
EndProject
Project("{FAE04EC0-301F-11D3-BF4B-00C04F79EFBC}") = "Consumer1", "Consumer1\Consumer1.csproj", "{59AD5A17-6065-488A-8719-321B9C5AFF0A}"
EndProject
Project("{FAE04EC0-301F-11D3-BF4B-00C04F79EFBC}") = "PolicyTest", "PolicyTest\PolicyTest.csproj", "{7AE31A93-5A91-421D-BF01-FD63C77110B6}"
EndProject
Project("{FAE04EC0-301F-11D3-BF4B-00C04F79EFBC}") = "AspectCoreTest", "AspectCoreTest\AspectCoreTest.csproj", "{210B7E2B-BAAE-45A7-9750-4FEA004C256D}"
EndProject
Project("{FAE04EC0-301F-11D3-BF4B-00C04F79EFBC}") = "MyHystrix", "MyHystrix\MyHystrix.csproj", "{BE39932F-5835-49E2-8B3D-2100757EED20}"
EndProject
Project("{FAE04EC0-301F-11D3-BF4B-00C04F79EFBC}") = "OcelotTest", "OcelotTest\OcelotTest.csproj", "{1361C7EF-D5C8-4B00-BCA7-378340B66774}"
EndProject
Project("{FAE04EC0-301F-11D3-BF4B-00C04F79EFBC}") = "JWTTest", "JWTTest\JWTTest.csproj", "{9ABDD940-8DA5-4279-A893-B0D86D6AA180}"
EndProject
Global
	GlobalSection(SolutionConfigurationPlatforms) = preSolution
		Debug|Any CPU = Debug|Any CPU
		Release|Any CPU = Release|Any CPU
	EndGlobalSection
	GlobalSection(ProjectConfigurationPlatforms) = postSolution
		{D29A7DCD-0ADE-450B-90DE-D5A48779F007}.Debug|Any CPU.ActiveCfg = Debug|Any CPU
		{D29A7DCD-0ADE-450B-90DE-D5A48779F007}.Debug|Any CPU.Build.0 = Debug|Any CPU
		{D29A7DCD-0ADE-450B-90DE-D5A48779F007}.Release|Any CPU.ActiveCfg = Release|Any CPU
		{D29A7DCD-0ADE-450B-90DE-D5A48779F007}.Release|Any CPU.Build.0 = Release|Any CPU
		{693AD529-15A4-4971-8DF8-40B4B43F690F}.Debug|Any CPU.ActiveCfg = Debug|Any CPU
		{693AD529-15A4-4971-8DF8-40B4B43F690F}.Debug|Any CPU.Build.0 = Debug|Any CPU
		{693AD529-15A4-4971-8DF8-40B4B43F690F}.Release|Any CPU.ActiveCfg = Release|Any CPU
		{693AD529-15A4-4971-8DF8-40B4B43F690F}.Release|Any CPU.Build.0 = Release|Any CPU
		{59AD5A17-6065-488A-8719-321B9C5AFF0A}.Debug|Any CPU.ActiveCfg = Debug|Any CPU
		{59AD5A17-6065-488A-8719-321B9C5AFF0A}.Debug|Any CPU.Build.0 = Debug|Any CPU
		{59AD5A17-6065-488A-8719-321B9C5AFF0A}.Release|Any CPU.ActiveCfg = Release|Any CPU
		{59AD5A17-6065-488A-8719-321B9C5AFF0A}.Release|Any CPU.Build.0 = Release|Any CPU
		{7AE31A93-5A91-421D-BF01-FD63C77110B6}.Debug|Any CPU.ActiveCfg = Debug|Any CPU
		{7AE31A93-5A91-421D-BF01-FD63C77110B6}.Debug|Any CPU.Build.0 = Debug|Any CPU
		{7AE31A93-5A91-421D-BF01-FD63C77110B6}.Release|Any CPU.ActiveCfg = Release|Any CPU
		{7AE31A93-5A91-421D-BF01-FD63C77110B6}.Release|Any CPU.Build.0 = Release|Any CPU
		{210B7E2B-BAAE-45A7-9750-4FEA004C256D}.Debug|Any CPU.ActiveCfg = Debug|Any CPU
		{210B7E2B-BAAE-45A7-9750-4FEA004C256D}.Debug|Any CPU.Build.0 = Debug|Any CPU
		{210B7E2B-BAAE-45A7-9750-4FEA004C256D}.Release|Any CPU.ActiveCfg = Release|Any CPU
		{210B7E2B-BAAE-45A7-9750-4FEA004C256D}.Release|Any CPU.Build.0 = Release|Any CPU
		{BE39932F-5835-49E2-8B3D-2100757EED20}.Debug|Any CPU.ActiveCfg = Debug|Any CPU
		{BE39932F-5835-49E2-8B3D-2100757EED20}.Debug|Any CPU.Build.0 = Debug|Any CPU
		{BE39932F-5835-49E2-8B3D-2100757EED20}.Release|Any CPU.ActiveCfg = Release|Any CPU
		{BE39932F-5835-49E2-8B3D-2100757EED20}.Release|Any CPU.Build.0 = Release|Any CPU
		{1361C7EF-D5C8-4B00-BCA7-378340B66774}.Debug|Any CPU.ActiveCfg = Debug|Any CPU
		{1361C7EF-D5C8-4B00-BCA7-378340B66774}.Debug|Any CPU.Build.0 = Debug|Any CPU
		{1361C7EF-D5C8-4B00-BCA7-378340B66774}.Release|Any CPU.ActiveCfg = Release|Any CPU
		{1361C7EF-D5C8-4B00-BCA7-378340B66774}.Release|Any CPU.Build.0 = Release|Any CPU
		{9ABDD940-8DA5-4279-A893-B0D86D6AA180}.Debug|Any CPU.ActiveCfg = Debug|Any CPU
		{9ABDD940-8DA5-4279-A893-B0D86D6AA180}.Debug|Any CPU.Build.0 = Debug|Any CPU
		{9ABDD940-8DA5-4279-A893-B0D86D6AA180}.Release|Any CPU.ActiveCfg = Release|Any CPU
		{9ABDD940-8DA5-4279-A893-B0D86D6AA180}.Release|Any CPU.Build.0 = Release|Any CPU
	EndGlobalSection
	GlobalSection(SolutionProperties) = preSolution
		HideSolutionNode = FALSE
	EndGlobalSection
	GlobalSection(ExtensibilityGlobals) = postSolution
		SolutionGuid = {A4002163-7AB9-4B6B-AC8C-C1FB4E30C21F}
	EndGlobalSection
EndGlobal
