
Microsoft Visual Studio Solution File, Format Version 12.00
# Visual Studio 15
VisualStudioVersion = 15.0.26124.0
MinimumVisualStudioVersion = 15.0.26124.0
Project("{9A19103F-16F7-4668-BE54-9A1E7A4F7556}") = "MsgService", "MsgService\MsgService.csproj", "{D29A7DCD-0ADE-450B-90DE-D5A48779F007}"
EndProject
Project("{9A19103F-16F7-4668-BE54-9A1E7A4F7556}") = "ProductService", "ProductService\ProductService.csproj", "{693AD529-15A4-4971-8DF8-40B4B43F690F}"
EndProject
Project("{FAE04EC0-301F-11D3-BF4B-00C04F79EFBC}") = "Consumer1", "Consumer1\Consumer1.csproj", "{59AD5A17-6065-488A-8719-321B9C5AFF0A}"
EndProject
Global
	GlobalSection(SolutionConfigurationPlatforms) = preSolution
		Debug|Any CPU = Debug|Any CPU
		Release|Any CPU = Release|Any CPU
	EndGlobalSection
	GlobalSection(ProjectConfigurationPlatforms) = postSolution
		{D29A7DCD-0ADE-450B-90DE-D5A48779F007}.Debug|Any CPU.ActiveCfg = Debug|Any CPU
		{D29A7DCD-0ADE-450B-90DE-D5A48779F007}.Debug|Any CPU.Build.0 = Debug|Any CPU
		{D29A7DCD-0ADE-450B-90DE-D5A48779F007}.Release|Any CPU.ActiveCfg = Release|Any CPU
		{D29A7DCD-0ADE-450B-90DE-D5A48779F007}.Release|Any CPU.Build.0 = Release|Any CPU
		{693AD529-15A4-4971-8DF8-40B4B43F690F}.Debug|Any CPU.ActiveCfg = Debug|Any CPU
		{693AD529-15A4-4971-8DF8-40B4B43F690F}.Debug|Any CPU.Build.0 = Debug|Any CPU
		{693AD529-15A4-4971-8DF8-40B4B43F690F}.Release|Any CPU.ActiveCfg = Release|Any CPU
		{693AD529-15A4-4971-8DF8-40B4B43F690F}.Release|Any CPU.Build.0 = Release|Any CPU
		{59AD5A17-6065-488A-8719-321B9C5AFF0A}.Debug|Any CPU.ActiveCfg = Debug|Any CPU
		{59AD5A17-6065-488A-8719-321B9C5AFF0A}.Debug|Any CPU.Build.0 = Debug|Any CPU
		{59AD5A17-6065-488A-8719-321B9C5AFF0A}.Release|Any CPU.ActiveCfg = Release|Any CPU
		{59AD5A17-6065-488A-8719-321B9C5AFF0A}.Release|Any CPU.Build.0 = Release|Any CPU
	EndGlobalSection
	GlobalSection(SolutionProperties) = preSolution
		HideSolutionNode = FALSE
	EndGlobalSection
	GlobalSection(ExtensibilityGlobals) = postSolution
		SolutionGuid = {A4002163-7AB9-4B6B-AC8C-C1FB4E30C21F}
	EndGlobalSection
EndGlobal
